
Microsoft Visual Studio Solution File, Format Version 12.00
# Visual Studio Version 17
VisualStudioVersion = 17.14.36109.1 d17.14
MinimumVisualStudioVersion = 10.0.40219.1
Project("{FAE04EC0-301F-11D3-BF4B-00C04F79EFBC}") = "InventoryTrackSystem", "InventoryTrackSystem\InventoryTrackSystem.csproj", "{102720C9-74C9-4E19-91ED-1305FCBA9A5C}"
EndProject
Global
	GlobalSection(SolutionConfigurationPlatforms) = preSolution
		Debug|Any CPU = Debug|Any CPU
		Release|Any CPU = Release|Any CPU
	EndGlobalSection
	GlobalSection(ProjectConfigurationPlatforms) = postSolution
		{102720C9-74C9-4E19-91ED-1305FCBA9A5C}.Debug|Any CPU.ActiveCfg = Debug|Any CPU
		{102720C9-74C9-4E19-91ED-1305FCBA9A5C}.Debug|Any CPU.Build.0 = Debug|Any CPU
		{102720C9-74C9-4E19-91ED-1305FCBA9A5C}.Release|Any CPU.ActiveCfg = Release|Any CPU
		{102720C9-74C9-4E19-91ED-1305FCBA9A5C}.Release|Any CPU.Build.0 = Release|Any CPU
	EndGlobalSection
	GlobalSection(SolutionProperties) = preSolution
		HideSolutionNode = FALSE
	EndGlobalSection
	GlobalSection(ExtensibilityGlobals) = postSolution
		SolutionGuid = {F8ECEFF2-9BAE-498B-A1E6-2D9690BA3D47}
	EndGlobalSection
EndGlobal
